
Microsoft Visual Studio Solution File, Format Version 12.00
# Visual Studio Version 17
VisualStudioVersion = 17.7.34202.233
MinimumVisualStudioVersion = 10.0.40219.1
Project("{FAE04EC0-301F-11D3-BF4B-00C04F79EFBC}") = "dop2", "dop2.csproj", "{057B9EE3-DD4F-4D4F-8EF2-E9E148F28595}"
EndProject
Global
	GlobalSection(SolutionConfigurationPlatforms) = preSolution
		Debug|Any CPU = Debug|Any CPU
		Release|Any CPU = Release|Any CPU
	EndGlobalSection
	GlobalSection(ProjectConfigurationPlatforms) = postSolution
		{057B9EE3-DD4F-4D4F-8EF2-E9E148F28595}.Debug|Any CPU.ActiveCfg = Debug|Any CPU
		{057B9EE3-DD4F-4D4F-8EF2-E9E148F28595}.Debug|Any CPU.Build.0 = Debug|Any CPU
		{057B9EE3-DD4F-4D4F-8EF2-E9E148F28595}.Release|Any CPU.ActiveCfg = Release|Any CPU
		{057B9EE3-DD4F-4D4F-8EF2-E9E148F28595}.Release|Any CPU.Build.0 = Release|Any CPU
	EndGlobalSection
	GlobalSection(SolutionProperties) = preSolution
		HideSolutionNode = FALSE
	EndGlobalSection
	GlobalSection(ExtensibilityGlobals) = postSolution
		SolutionGuid = {8D3483BA-7252-42F3-B809-79B15A9131DB}
	EndGlobalSection
EndGlobal
